
Microsoft Visual Studio Solution File, Format Version 12.00
# Visual Studio Version 17
VisualStudioVersion = 17.2.32630.192
MinimumVisualStudioVersion = 10.0.40219.1
Project("{FAE04EC0-301F-11D3-BF4B-00C04F79EFBC}") = "AstroTargetSelector", "AstroTargetSelector.csproj", "{2C7A028A-AB2A-42AD-91B2-5FB62F63907B}"
EndProject
Project("{FAE04EC0-301F-11D3-BF4B-00C04F79EFBC}") = "AstroTargetSelectorBusiness", "..\AstroTargetSelectorBusiness\AstroTargetSelectorBusiness.csproj", "{0E490AF6-0286-405A-A428-29D81C83F883}"
EndProject
Project("{54435603-DBB4-11D2-8724-00A0C9A8B90C}") = "AstroTargetSelectorSetup", "..\AstroTargetSelectorSetup\AstroTargetSelectorSetup.vdproj", "{72618638-0545-4266-87D0-C933DDD29540}"
	ProjectSection(ProjectDependencies) = postProject
		{0E490AF6-0286-405A-A428-29D81C83F883} = {0E490AF6-0286-405A-A428-29D81C83F883}
		{2C7A028A-AB2A-42AD-91B2-5FB62F63907B} = {2C7A028A-AB2A-42AD-91B2-5FB62F63907B}
	EndProjectSection
EndProject
Global
	GlobalSection(SolutionConfigurationPlatforms) = preSolution
		Debug|Any CPU = Debug|Any CPU
		Debug|x86 = Debug|x86
		Release|Any CPU = Release|Any CPU
		Release|x86 = Release|x86
	EndGlobalSection
	GlobalSection(ProjectConfigurationPlatforms) = postSolution
		{2C7A028A-AB2A-42AD-91B2-5FB62F63907B}.Debug|Any CPU.ActiveCfg = Debug|Any CPU
		{2C7A028A-AB2A-42AD-91B2-5FB62F63907B}.Debug|Any CPU.Build.0 = Debug|Any CPU
		{2C7A028A-AB2A-42AD-91B2-5FB62F63907B}.Debug|x86.ActiveCfg = Debug|x86
		{2C7A028A-AB2A-42AD-91B2-5FB62F63907B}.Debug|x86.Build.0 = Debug|x86
		{2C7A028A-AB2A-42AD-91B2-5FB62F63907B}.Release|Any CPU.ActiveCfg = Release|Any CPU
		{2C7A028A-AB2A-42AD-91B2-5FB62F63907B}.Release|Any CPU.Build.0 = Release|Any CPU
		{2C7A028A-AB2A-42AD-91B2-5FB62F63907B}.Release|x86.ActiveCfg = Release|x86
		{2C7A028A-AB2A-42AD-91B2-5FB62F63907B}.Release|x86.Build.0 = Release|x86
		{0E490AF6-0286-405A-A428-29D81C83F883}.Debug|Any CPU.ActiveCfg = Debug|Any CPU
		{0E490AF6-0286-405A-A428-29D81C83F883}.Debug|Any CPU.Build.0 = Debug|Any CPU
		{0E490AF6-0286-405A-A428-29D81C83F883}.Debug|x86.ActiveCfg = Debug|x86
		{0E490AF6-0286-405A-A428-29D81C83F883}.Debug|x86.Build.0 = Debug|x86
		{0E490AF6-0286-405A-A428-29D81C83F883}.Release|Any CPU.ActiveCfg = Release|Any CPU
		{0E490AF6-0286-405A-A428-29D81C83F883}.Release|Any CPU.Build.0 = Release|Any CPU
		{0E490AF6-0286-405A-A428-29D81C83F883}.Release|x86.ActiveCfg = Release|x86
		{0E490AF6-0286-405A-A428-29D81C83F883}.Release|x86.Build.0 = Release|x86
		{72618638-0545-4266-87D0-C933DDD29540}.Debug|Any CPU.ActiveCfg = Debug
		{72618638-0545-4266-87D0-C933DDD29540}.Debug|x86.ActiveCfg = Debug
		{72618638-0545-4266-87D0-C933DDD29540}.Debug|x86.Build.0 = Debug
		{72618638-0545-4266-87D0-C933DDD29540}.Release|Any CPU.ActiveCfg = Release
		{72618638-0545-4266-87D0-C933DDD29540}.Release|x86.ActiveCfg = Release
		{72618638-0545-4266-87D0-C933DDD29540}.Release|x86.Build.0 = Release
	EndGlobalSection
	GlobalSection(SolutionProperties) = preSolution
		HideSolutionNode = FALSE
	EndGlobalSection
	GlobalSection(ExtensibilityGlobals) = postSolution
		SolutionGuid = {255BFC5D-F414-4549-A470-537A4D74BBBB}
	EndGlobalSection
EndGlobal
